{
  "version": 4,
  "terraform_version": "1.0.3",
  "serial": 16,
  "lineage": "387c7de8-4623-b8ac-27a8-f2220b2b7744",
  "outputs": {},
  "resources": [
    {
      "mode": "managed",
      "type": "aws_instance",
      "name": "my-instance",
      "provider": "provider[\"registry.terraform.io/hashicorp/aws\"]",
      "instances": [
        {
          "schema_version": 1,
          "attributes": {
            "ami": "ami-0dc2d3e4c0f9ebd18",
            "arn": "arn:aws:ec2:us-east-1:210422094460:instance/i-02166c27bfed9a853",
            "associate_public_ip_address": true,
            "availability_zone": "us-east-1a",
            "capacity_reservation_specification": [
              {
                "capacity_reservation_preference": "open",
                "capacity_reservation_target": []
              }
            ],
            "cpu_core_count": 1,
            "cpu_threads_per_core": 1,
            "credit_specification": [
              {
                "cpu_credits": "standard"
              }
            ],
            "disable_api_termination": false,
            "ebs_block_device": [],
            "ebs_optimized": false,
            "enclave_options": [
              {
                "enabled": false
              }
            ],
            "ephemeral_block_device": [],
            "get_password_data": false,
            "hibernation": false,
            "host_id": null,
            "iam_instance_profile": "",
            "id": "i-02166c27bfed9a853",
            "instance_initiated_shutdown_behavior": "stop",
            "instance_state": "running",
            "instance_type": "t2.micro",
            "ipv6_address_count": 0,
            "ipv6_addresses": [],
            "key_name": "tf-demo",
            "launch_template": [],
            "metadata_options": [
              {
                "http_endpoint": "enabled",
                "http_put_response_hop_limit": 1,
                "http_tokens": "optional"
              }
            ],
            "monitoring": false,
            "network_interface": [],
            "outpost_arn": "",
            "password_data": "",
            "placement_group": "",
            "primary_network_interface_id": "eni-0a6b96ccb52ca889c",
            "private_dns": "ip-172-31-31-61.ec2.internal",
            "private_ip": "172.31.31.61",
            "public_dns": "ec2-3-237-60-253.compute-1.amazonaws.com",
            "public_ip": "3.237.60.253",
            "root_block_device": [
              {
                "delete_on_termination": true,
                "device_name": "/dev/xvda",
                "encrypted": false,
                "iops": 100,
                "kms_key_id": "",
                "tags": {},
                "throughput": 0,
                "volume_id": "vol-014c84ff64d79e3c9",
                "volume_size": 8,
                "volume_type": "gp2"
              }
            ],
            "secondary_private_ips": [],
            "security_groups": [
              "default"
            ],
            "source_dest_check": true,
            "subnet_id": "subnet-01b5ef6922c25ab12",
            "tags": {
              "Name": "Terraform"
            },
            "tags_all": {
              "Name": "Terraform"
            },
            "tenancy": "default",
            "timeouts": null,
            "user_data": "f1f6fb0884d1796635941da8e3ffc4c56377895a",
            "user_data_base64": null,
            "volume_tags": null,
            "vpc_security_group_ids": [
              "sg-9f99489f"
            ]
          },
          "sensitive_attributes": [],
          "private": "eyJlMmJmYjczMC1lY2FhLTExZTYtOGY4OC0zNDM2M2JjN2M0YzAiOnsiY3JlYXRlIjo2MDAwMDAwMDAwMDAsImRlbGV0ZSI6MTIwMDAwMDAwMDAwMCwidXBkYXRlIjo2MDAwMDAwMDAwMDB9LCJzY2hlbWFfdmVyc2lvbiI6IjEifQ==",
          "dependencies": [
            "aws_key_pair.tf-demo"
          ]
        }
      ]
    },
    {
      "mode": "managed",
      "type": "aws_key_pair",
      "name": "tf-demo",
      "provider": "provider[\"registry.terraform.io/hashicorp/aws\"]",
      "instances": [
        {
          "schema_version": 1,
          "attributes": {
            "arn": "arn:aws:ec2:us-east-1:210422094460:key-pair/tf-demo",
            "fingerprint": "ff:18:83:fb:94:b6:8b:dc:f9:1c:c0:d7:83:71:8f:d3",
            "id": "tf-demo",
            "key_name": "tf-demo",
            "key_name_prefix": null,
            "key_pair_id": "key-01d6ddd1f3b5457c4",
            "public_key": "ssh-rsa AAAAB3NzaC1yc2EAAAADAQABAAABgQDIoOiaJzCSOkFa8JsHzvq2sGR54HMcgFOmv8TXdM5GPWx8OH7sEyTGVWT++HuqimprOf1d5cR2xOF71PtiEK1vZXgGPJvzB5Cjxek2TK0aNv3oMvhqMgC/nZh4KSgcsY5R2azD/r6XLOkJELtufRI9Ri6w6HqcZOWUJZc25wXHBGJPe/0zUcnKyAezI5HVap+xnnBVhswV2gSJ4SQdYBD6TPP6+RTGa76DgThFxUTfvka/47WVizSr5MHezO03dhglCYEVWvDwS4BYJhYRnZmEkYzY8dy9AnZVxhN40hXj9gnyeIK08EZfy+mmO2E7/wKJacYpnxHzzILlshRA8qtt7Sc5oYVnRQ77/8cyaX7LWvtdjwQR1wbl6OnvOFNelWqn/Jt4+lGWtBVSgdrXM8Nx7Nen0HUh0jfrKvauaT2+CB/pswov9VRfV6166y3VV0P3G7zufKo5/FbxAJ/k4+tySahjirBdQMtMcSZbpQO6emp9SKP02T+dzSXIxlj93eU= bvdlp@DESKTOP-57P5380",
            "tags": null,
            "tags_all": {}
          },
          "sensitive_attributes": [],
          "private": "eyJzY2hlbWFfdmVyc2lvbiI6IjEifQ=="
        }
      ]
    }
  ]
}
